
Microsoft Visual Studio Solution File, Format Version 12.00
# Visual Studio 15
VisualStudioVersion = 15.0.26730.16
MinimumVisualStudioVersion = 10.0.40219.1
Project("{FAE04EC0-301F-11D3-BF4B-00C04F79EFBC}") = "OpticSolutionsClient", "OpticSolutionsClient\OpticSolutionsClient.csproj", "{7D08CE9C-4793-4D4C-BEB0-AB6720F1EACD}"
EndProject
Global
	GlobalSection(SolutionConfigurationPlatforms) = preSolution
		Debug|Any CPU = Debug|Any CPU
		Release|Any CPU = Release|Any CPU
	EndGlobalSection
	GlobalSection(ProjectConfigurationPlatforms) = postSolution
		{7D08CE9C-4793-4D4C-BEB0-AB6720F1EACD}.Debug|Any CPU.ActiveCfg = Debug|Any CPU
		{7D08CE9C-4793-4D4C-BEB0-AB6720F1EACD}.Debug|Any CPU.Build.0 = Debug|Any CPU
		{7D08CE9C-4793-4D4C-BEB0-AB6720F1EACD}.Release|Any CPU.ActiveCfg = Release|Any CPU
		{7D08CE9C-4793-4D4C-BEB0-AB6720F1EACD}.Release|Any CPU.Build.0 = Release|Any CPU
	EndGlobalSection
	GlobalSection(SolutionProperties) = preSolution
		HideSolutionNode = FALSE
	EndGlobalSection
	GlobalSection(ExtensibilityGlobals) = postSolution
		SolutionGuid = {3D1A782B-514D-4C99-8CA5-42759E5A4679}
	EndGlobalSection
EndGlobal
